// !$*UTF8*$!
{
	archiveVersion = 1;
	classes = {
	};
	objectVersion = 46;
	objects = {

/* Begin PBXBuildFile section */
		3331790C1E25182E00B0143B /* AppDelegate.swift in Sources */ = {isa = PBXBuildFile; fileRef = 3331790B1E25182E00B0143B /* AppDelegate.swift */; };
		3331790E1E25182E00B0143B /* ViewController.swift in Sources */ = {isa = PBXBuildFile; fileRef = 3331790D1E25182E00B0143B /* ViewController.swift */; };
		333179111E25182E00B0143B /* Main.storyboard in Resources */ = {isa = PBXBuildFile; fileRef = 3331790F1E25182E00B0143B /* Main.storyboard */; };
		333179131E25182E00B0143B /* Assets.xcassets in Resources */ = {isa = PBXBuildFile; fileRef = 333179121E25182E00B0143B /* Assets.xcassets */; };
		333179161E25182E00B0143B /* LaunchScreen.storyboard in Resources */ = {isa = PBXBuildFile; fileRef = 333179141E25182E00B0143B /* LaunchScreen.storyboard */; };
		333179211E25182E00B0143B /* FoodTrackerTests.swift in Sources */ = {isa = PBXBuildFile; fileRef = 333179201E25182E00B0143B /* FoodTrackerTests.swift */; };
/* End PBXBuildFile section */

/* Begin PBXContainerItemProxy section */
		3331791D1E25182E00B0143B /* PBXContainerItemProxy */ = {
			isa = PBXContainerItemProxy;
			containerPortal = 333179001E25182E00B0143B /* Project object */;
			proxyType = 1;
			remoteGlobalIDString = 333179071E25182E00B0143B;
			remoteInfo = FoodTracker;
		};
/* End PBXContainerItemProxy section */

/* Begin PBXFileReference section */
		333179081E25182E00B0143B /* FoodTracker.app */ = {isa = PBXFileReference; explicitFileType = wrapper.application; includeInIndex = 0; path = FoodTracker.app; sourceTree = BUILT_PRODUCTS_DIR; };
		3331790B1E25182E00B0143B /* AppDelegate.swift */ = {isa = PBXFileReference; lastKnownFileType = sourcecode.swift; path = AppDelegate.swift; sourceTree = "<group>"; };
		3331790D1E25182E00B0143B /* ViewController.swift */ = {isa = PBXFileReference; lastKnownFileType = sourcecode.swift; path = ViewController.swift; sourceTree = "<group>"; };
		333179101E25182E00B0143B /* Base */ = {isa = PBXFileReference; lastKnownFileType = file.storyboard; name = Base; path = Base.lproj/Main.storyboard; sourceTree = "<group>"; };
		333179121E25182E00B0143B /* Assets.xcassets */ = {isa = PBXFileReference; lastKnownFileType = folder.assetcatalog; path = Assets.xcassets; sourceTree = "<group>"; };
		333179151E25182E00B0143B /* Base */ = {isa = PBXFileReference; lastKnownFileType = file.storyboard; name = Base; path = Base.lproj/LaunchScreen.storyboard; sourceTree = "<group>"; };
		333179171E25182E00B0143B /* Info.plist */ = {isa = PBXFileReference; lastKnownFileType = text.plist.xml; path = Info.plist; sourceTree = "<group>"; };
		3331791C1E25182E00B0143B /* FoodTrackerTests.xctest */ = {isa = PBXFileReference; explicitFileType = wrapper.cfbundle; includeInIndex = 0; path = FoodTrackerTests.xctest; sourceTree = BUILT_PRODUCTS_DIR; };
		333179201E25182E00B0143B /* FoodTrackerTests.swift */ = {isa = PBXFileReference; lastKnownFileType = sourcecode.swift; path = FoodTrackerTests.swift; sourceTree = "<group>"; };
		333179221E25182E00B0143B /* Info.plist */ = {isa = PBXFileReference; lastKnownFileType = text.plist.xml; path = Info.plist; sourceTree = "<group>"; };
/* End PBXFileReference section */

/* Begin PBXFrameworksBuildPhase section */
		333179051E25182E00B0143B /* Frameworks */ = {
			isa = PBXFrameworksBuildPhase;
			buildActionMask = 2147483647;
			files = (
			);
			runOnlyForDeploymentPostprocessing = 0;
		};
		333179191E25182E00B0143B /* Frameworks */ = {
			isa = PBXFrameworksBuildPhase;
			buildActionMask = 2147483647;
			files = (
			);
			runOnlyForDeploymentPostprocessing = 0;
		};
/* End PBXFrameworksBuildPhase section */

/* Begin PBXGroup section */
		333178FF1E25182E00B0143B = {
			isa = PBXGroup;
			children = (
				3331790A1E25182E00B0143B /* FoodTracker */,
				3331791F1E25182E00B0143B /* FoodTrackerTests */,
				333179091E25182E00B0143B /* Products */,
			);
			sourceTree = "<group>";
		};
		333179091E25182E00B0143B /* Products */ = {
			isa = PBXGroup;
			children = (
				333179081E25182E00B0143B /* FoodTracker.app */,
				3331791C1E25182E00B0143B /* FoodTrackerTests.xctest */,
			);
			name = Products;
			sourceTree = "<group>";
		};
		3331790A1E25182E00B0143B /* FoodTracker */ = {
			isa = PBXGroup;
			children = (
				3331790B1E25182E00B0143B /* AppDelegate.swift */,
				3331790D1E25182E00B0143B /* ViewController.swift */,
				3331790F1E25182E00B0143B /* Main.storyboard */,
				333179121E25182E00B0143B /* Assets.xcassets */,
				333179141E25182E00B0143B /* LaunchScreen.storyboard */,
				333179171E25182E00B0143B /* Info.plist */,
			);
			path = FoodTracker;
			sourceTree = "<group>";
		};
		3331791F1E25182E00B0143B /* FoodTrackerTests */ = {
			isa = PBXGroup;
			children = (
				333179201E25182E00B0143B /* FoodTrackerTests.swift */,
				333179221E25182E00B0143B /* Info.plist */,
			);
			path = FoodTrackerTests;
			sourceTree = "<group>";
		};
/* End PBXGroup section */

/* Begin PBXNativeTarget section */
		333179071E25182E00B0143B /* FoodTracker */ = {
			isa = PBXNativeTarget;
			buildConfigurationList = 333179251E25182E00B0143B /* Build configuration list for PBXNativeTarget "FoodTracker" */;
			buildPhases = (
				333179041E25182E00B0143B /* Sources */,
				333179051E25182E00B0143B /* Frameworks */,
				333179061E25182E00B0143B /* Resources */,
			);
			buildRules = (
			);
			dependencies = (
			);
			name = FoodTracker;
			productName = FoodTracker;
			productReference = 333179081E25182E00B0143B /* FoodTracker.app */;
			productType = "com.apple.product-type.application";
		};
		3331791B1E25182E00B0143B /* FoodTrackerTests */ = {
			isa = PBXNativeTarget;
			buildConfigurationList = 333179281E25182E00B0143B /* Build configuration list for PBXNativeTarget "FoodTrackerTests" */;
			buildPhases = (
				333179181E25182E00B0143B /* Sources */,
				333179191E25182E00B0143B /* Frameworks */,
				3331791A1E25182E00B0143B /* Resources */,
			);
			buildRules = (
			);
			dependencies = (
				3331791E1E25182E00B0143B /* PBXTargetDependency */,
			);
			name = FoodTrackerTests;
			productName = FoodTrackerTests;
			productReference = 3331791C1E25182E00B0143B /* FoodTrackerTests.xctest */;
			productType = "com.apple.product-type.bundle.unit-test";
		};
/* End PBXNativeTarget section */

/* Begin PBXProject section */
		333179001E25182E00B0143B /* Project object */ = {
			isa = PBXProject;
			attributes = {
				LastSwiftUpdateCheck = 0820;
				LastUpgradeCheck = 0820;
				ORGANIZATIONNAME = dam;
				TargetAttributes = {
					333179071E25182E00B0143B = {
						CreatedOnToolsVersion = 8.2.1;
						DevelopmentTeam = 9YQZLLMHK4;
						ProvisioningStyle = Automatic;
					};
					3331791B1E25182E00B0143B = {
						CreatedOnToolsVersion = 8.2.1;
						DevelopmentTeam = 9YQZLLMHK4;
						ProvisioningStyle = Automatic;
						TestTargetID = 333179071E25182E00B0143B;
					};
				};
			};
			buildConfigurationList = 333179031E25182E00B0143B /* Build configuration list for PBXProject "FoodTracker" */;
			compatibilityVersion = "Xcode 3.2";
			developmentRegion = English;
			hasScannedForEncodings = 0;
			knownRegions = (
				en,
				Base,
			);
			mainGroup = 333178FF1E25182E00B0143B;
			productRefGroup = 333179091E25182E00B0143B /* Products */;
			projectDirPath = "";
			projectRoot = "";
			targets = (
				333179071E25182E00B0143B /* FoodTracker */,
				3331791B1E25182E00B0143B /* FoodTrackerTests */,
			);
		};
/* End PBXProject section */

/* Begin PBXResourcesBuildPhase section */
		333179061E25182E00B0143B /* Resources */ = {
			isa = PBXResourcesBuildPhase;
			buildActionMask = 2147483647;
			files = (
				333179161E25182E00B0143B /* LaunchScreen.storyboard in Resources */,
				333179131E25182E00B0143B /* Assets.xcassets in Resources */,
				333179111E25182E00B0143B /* Main.storyboard in Resources */,
			);
			runOnlyForDeploymentPostprocessing = 0;
		};
		3331791A1E25182E00B0143B /* Resources */ = {
			isa = PBXResourcesBuildPhase;
			buildActionMask = 2147483647;
			files = (
			);
			runOnlyForDeploymentPostprocessing = 0;
		};
/* End PBXResourcesBuildPhase section */

/* Begin PBXSourcesBuildPhase section */
		333179041E25182E00B0143B /* Sources */ = {
			isa = PBXSourcesBuildPhase;
			buildActionMask = 2147483647;
			files = (
				3331790E1E25182E00B0143B /* ViewController.swift in Sources */,
				3331790C1E25182E00B0143B /* AppDelegate.swift in Sources */,
			);
			runOnlyForDeploymentPostprocessing = 0;
		};
		333179181E25182E00B0143B /* Sources */ = {
			isa = PBXSourcesBuildPhase;
			buildActionMask = 2147483647;
			files = (
				333179211E25182E00B0143B /* FoodTrackerTests.swift in Sources */,
			);
			runOnlyForDeploymentPostprocessing = 0;
		};
/* End PBXSourcesBuildPhase section */

/* Begin PBXTargetDependency section */
		3331791E1E25182E00B0143B /* PBXTargetDependency */ = {
			isa = PBXTargetDependency;
			target = 333179071E25182E00B0143B /* FoodTracker */;
			targetProxy = 3331791D1E25182E00B0143B /* PBXContainerItemProxy */;
		};
/* End PBXTargetDependency section */

/* Begin PBXVariantGroup section */
		3331790F1E25182E00B0143B /* Main.storyboard */ = {
			isa = PBXVariantGroup;
			children = (
				333179101E25182E00B0143B /* Base */,
			);
			name = Main.storyboard;
			sourceTree = "<group>";
		};
		333179141E25182E00B0143B /* LaunchScreen.storyboard */ = {
			isa = PBXVariantGroup;
			children = (
				333179151E25182E00B0143B /* Base */,
			);
			name = LaunchScreen.storyboard;
			sourceTree = "<group>";
		};
/* End PBXVariantGroup section */

/* Begin XCBuildConfiguration section */
		333179231E25182E00B0143B /* Debug */ = {
			isa = XCBuildConfiguration;
			buildSettings = {
				ALWAYS_SEARCH_USER_PATHS = NO;
				CLANG_ANALYZER_NONNULL = YES;
				CLANG_CXX_LANGUAGE_STANDARD = "gnu++0x";
				CLANG_CXX_LIBRARY = "libc++";
				CLANG_ENABLE_MODULES = YES;
				CLANG_ENABLE_OBJC_ARC = YES;
				CLANG_WARN_BOOL_CONVERSION = YES;
				CLANG_WARN_CONSTANT_CONVERSION = YES;
				CLANG_WARN_DIRECT_OBJC_ISA_USAGE = YES_ERROR;
				CLANG_WARN_DOCUMENTATION_COMMENTS = YES;
				CLANG_WARN_EMPTY_BODY = YES;
				CLANG_WARN_ENUM_CONVERSION = YES;
				CLANG_WARN_INFINITE_RECURSION = YES;
				CLANG_WARN_INT_CONVERSION = YES;
				CLANG_WARN_OBJC_ROOT_CLASS = YES_ERROR;
				CLANG_WARN_SUSPICIOUS_MOVE = YES;
				CLANG_WARN_UNREACHABLE_CODE = YES;
				CLANG_WARN__DUPLICATE_METHOD_MATCH = YES;
				"CODE_SIGN_IDENTITY[sdk=iphoneos*]" = "iPhone Developer";
				COPY_PHASE_STRIP = NO;
				DEBUG_INFORMATION_FORMAT = dwarf;
				ENABLE_STRICT_OBJC_MSGSEND = YES;
				ENABLE_TESTABILITY = YES;
				GCC_C_LANGUAGE_STANDARD = gnu99;
				GCC_DYNAMIC_NO_PIC = NO;
				GCC_NO_COMMON_BLOCKS = YES;
				GCC_OPTIMIZATION_LEVEL = 0;
				GCC_PREPROCESSOR_DEFINITIONS = (
					"DEBUG=1",
					"$(inherited)",
				);
				GCC_WARN_64_TO_32_BIT_CONVERSION = YES;
				GCC_WARN_ABOUT_RETURN_TYPE = YES_ERROR;
				GCC_WARN_UNDECLARED_SELECTOR = YES;
				GCC_WARN_UNINITIALIZED_AUTOS = YES_AGGRESSIVE;
				GCC_WARN_UNUSED_FUNCTION = YES;
				GCC_WARN_UNUSED_VARIABLE = YES;
				IPHONEOS_DEPLOYMENT_TARGET = 10.2;
				MTL_ENABLE_DEBUG_INFO = YES;
				ONLY_ACTIVE_ARCH = YES;
				SDKROOT = iphoneos;
				SWIFT_ACTIVE_COMPILATION_CONDITIONS = DEBUG;
				SWIFT_OPTIMIZATION_LEVEL = "-Onone";
				TARGETED_DEVICE_FAMILY = "1,2";
			};
			name = Debug;
		};
		333179241E25182E00B0143B /* Release */ = {
			isa = XCBuildConfiguration;
			buildSettings = {
				ALWAYS_SEARCH_USER_PATHS = NO;
				CLANG_ANALYZER_NONNULL = YES;
				CLANG_CXX_LANGUAGE_STANDARD = "gnu++0x";
				CLANG_CXX_LIBRARY = "libc++";
				CLANG_ENABLE_MODULES = YES;
				CLANG_ENABLE_OBJC_ARC = YES;
				CLANG_WARN_BOOL_CONVERSION = YES;
				CLANG_WARN_CONSTANT_CONVERSION = YES;
				CLANG_WARN_DIRECT_OBJC_ISA_USAGE = YES_ERROR;
				CLANG_WARN_DOCUMENTATION_COMMENTS = YES;
				CLANG_WARN_EMPTY_BODY = YES;
				CLANG_WARN_ENUM_CONVERSION = YES;
				CLANG_WARN_INFINITE_RECURSION = YES;
				CLANG_WARN_INT_CONVERSION = YES;
				CLANG_WARN_OBJC_ROOT_CLASS = YES_ERROR;
				CLANG_WARN_SUSPICIOUS_MOVE = YES;
				CLANG_WARN_UNREACHABLE_CODE = YES;
				CLANG_WARN__DUPLICATE_METHOD_MATCH = YES;
				"CODE_SIGN_IDENTITY[sdk=iphoneos*]" = "iPhone Developer";
				COPY_PHASE_STRIP = NO;
				DEBUG_INFORMATION_FORMAT = "dwarf-with-dsym";
				ENABLE_NS_ASSERTIONS = NO;
				ENABLE_STRICT_OBJC_MSGSEND = YES;
				GCC_C_LANGUAGE_STANDARD = gnu99;
				GCC_NO_COMMON_BLOCKS = YES;
				GCC_WARN_64_TO_32_BIT_CONVERSION = YES;
				GCC_WARN_ABOUT_RETURN_TYPE = YES_ERROR;
				GCC_WARN_UNDECLARED_SELECTOR = YES;
				GCC_WARN_UNINITIALIZED_AUTOS = YES_AGGRESSIVE;
				GCC_WARN_UNUSED_FUNCTION = YES;
				GCC_WARN_UNUSED_VARIABLE = YES;
				IPHONEOS_DEPLOYMENT_TARGET = 10.2;
				MTL_ENABLE_DEBUG_INFO = NO;
				SDKROOT = iphoneos;
				SWIFT_OPTIMIZATION_LEVEL = "-Owholemodule";
				TARGETED_DEVICE_FAMILY = "1,2";
				VALIDATE_PRODUCT = YES;
			};
			name = Release;
		};
		333179261E25182E00B0143B /* Debug */ = {
			isa = XCBuildConfiguration;
			buildSettings = {
				ASSETCATALOG_COMPILER_APPICON_NAME = AppIcon;
				DEVELOPMENT_TEAM = 9YQZLLMHK4;
				INFOPLIST_FILE = FoodTracker/Info.plist;
				LD_RUNPATH_SEARCH_PATHS = "$(inherited) @executable_path/Frameworks";
				PRODUCT_BUNDLE_IDENTIFIER = com.izv.FoodTracker;
				PRODUCT_NAME = "$(TARGET_NAME)";
				SWIFT_VERSION = 3.0;
			};
			name = Debug;
		};
		333179271E25182E00B0143B /* Release */ = {
			isa = XCBuildConfiguration;
			buildSettings = {
				ASSETCATALOG_COMPILER_APPICON_NAME = AppIcon;
				DEVELOPMENT_TEAM = 9YQZLLMHK4;
				INFOPLIST_FILE = FoodTracker/Info.plist;
				LD_RUNPATH_SEARCH_PATHS = "$(inherited) @executable_path/Frameworks";
				PRODUCT_BUNDLE_IDENTIFIER = com.izv.FoodTracker;
				PRODUCT_NAME = "$(TARGET_NAME)";
				SWIFT_VERSION = 3.0;
			};
			name = Release;
		};
		333179291E25182E00B0143B /* Debug */ = {
			isa = XCBuildConfiguration;
			buildSettings = {
				ALWAYS_EMBED_SWIFT_STANDARD_LIBRARIES = YES;
				BUNDLE_LOADER = "$(TEST_HOST)";
				DEVELOPMENT_TEAM = 9YQZLLMHK4;
				INFOPLIST_FILE = FoodTrackerTests/Info.plist;
				LD_RUNPATH_SEARCH_PATHS = "$(inherited) @executable_path/Frameworks @loader_path/Frameworks";
				PRODUCT_BUNDLE_IDENTIFIER = com.izv.FoodTrackerTests;
				PRODUCT_NAME = "$(TARGET_NAME)";
				SWIFT_VERSION = 3.0;
				TEST_HOST = "$(BUILT_PRODUCTS_DIR)/FoodTracker.app/FoodTracker";
			};
			name = Debug;
		};
		3331792A1E25182E00B0143B /* Release */ = {
			isa = XCBuildConfiguration;
			buildSettings = {
				ALWAYS_EMBED_SWIFT_STANDARD_LIBRARIES = YES;
				BUNDLE_LOADER = "$(TEST_HOST)";
				DEVELOPMENT_TEAM = 9YQZLLMHK4;
				INFOPLIST_FILE = FoodTrackerTests/Info.plist;
				LD_RUNPATH_SEARCH_PATHS = "$(inherited) @executable_path/Frameworks @loader_path/Frameworks";
				PRODUCT_BUNDLE_IDENTIFIER = com.izv.FoodTrackerTests;
				PRODUCT_NAME = "$(TARGET_NAME)";
				SWIFT_VERSION = 3.0;
				TEST_HOST = "$(BUILT_PRODUCTS_DIR)/FoodTracker.app/FoodTracker";
			};
			name = Release;
		};
/* End XCBuildConfiguration section */

/* Begin XCConfigurationList section */
		333179031E25182E00B0143B /* Build configuration list for PBXProject "FoodTracker" */ = {
			isa = XCConfigurationList;
			buildConfigurations = (
				333179231E25182E00B0143B /* Debug */,
				333179241E25182E00B0143B /* Release */,
			);
			defaultConfigurationIsVisible = 0;
			defaultConfigurationName = Release;
		};
		333179251E25182E00B0143B /* Build configuration list for PBXNativeTarget "FoodTracker" */ = {
			isa = XCConfigurationList;
			buildConfigurations = (
				333179261E25182E00B0143B /* Debug */,
				333179271E25182E00B0143B /* Release */,
			);
			defaultConfigurationIsVisible = 0;
		};
		333179281E25182E00B0143B /* Build configuration list for PBXNativeTarget "FoodTrackerTests" */ = {
			isa = XCConfigurationList;
			buildConfigurations = (
				333179291E25182E00B0143B /* Debug */,
				3331792A1E25182E00B0143B /* Release */,
			);
			defaultConfigurationIsVisible = 0;
		};
/* End XCConfigurationList section */
	};
	rootObject = 333179001E25182E00B0143B /* Project object */;
}
